PODS:
  - BaltoSDK (3.0.2)
  - SVProgressHUD (2.0.3)

DEPENDENCIES:
  - BaltoSDK
  - SVProgressHUD

SPEC CHECKSUMS:
  BaltoSDK: 733e00c5719ae6e60b7d74d71afe24adc24884c4
  SVProgressHUD: b0830714205bea1317ea1a2ebc71e5633af334d4

PODFILE CHECKSUM: 9668c702ce343c8b5da7d98500855be4bda9b775

COCOAPODS: 1.2.0
